{
  "nodes": {
    "evmc": {
      "flake": false,
      "locked": {
        "lastModified": 1711484129,
        "narHash": "sha256-yqEbtRA4GiQ/pjaH2+ZPfnthgt9gLPY4lWPTYbBWJhE=",
        "owner": "ethereum",
        "repo": "evmc",
        "rev": "fc86231960348790bbee8254a809bf1f9d7c8517",
        "type": "github"
      },
      "original": {
        "owner": "ethereum",
        "repo": "evmc",
        "type": "github"
      }
    },
    "flake-utils": {
      "inputs": {
        "systems": "systems"
      },
      "locked": {
        "lastModified": 1710146030,
        "narHash": "sha256-SZ5L6eA7HJ/nmkzGG7/ISclqe6oZdOZTNoesiInkXPQ=",
        "owner": "numtide",
        "repo": "flake-utils",
        "rev": "b1d9ab70662946ef0850d488da1c9019f3a9752a",
        "type": "github"
      },
      "original": {
        "owner": "numtide",
        "repo": "flake-utils",
        "type": "github"
      }
    },
    "intx": {
      "flake": false,
      "locked": {
        "lastModified": 1704400684,
        "narHash": "sha256-XNpSO++FuG27Bgf5My9eJ/zrQlsWcGajfq4Y2UI2Kpk=",
        "owner": "chfast",
        "repo": "intx",
        "rev": "e0732242e36b3bb08cc8cc23445b2bee7c28b9d0",
        "type": "github"
      },
      "original": {
        "owner": "chfast",
        "repo": "intx",
        "type": "github"
      }
    },
    "nil_crypto3": {
      "inputs": {
        "nixpkgs": [
          "nixpkgs"
        ]
      },
      "locked": {
        "lastModified": 1712603294,
        "narHash": "sha256-0L7ir0E+jFv9dxmLV6Vxlf+st6BNaJrhRXyNCK3xPsY=",
        "ref": "refs/heads/master",
        "rev": "13909af052a998c92d2a6a96e0bcfd21156aed72",
        "revCount": 701,
        "submodules": true,
        "type": "git",
        "url": "https://github.com/NilFoundation/crypto3"
      },
      "original": {
        "submodules": true,
        "type": "git",
        "url": "https://github.com/NilFoundation/crypto3"
      }
    },
    "nil_evm_assigner": {
      "inputs": {
        "evmc": "evmc",
        "intx": "intx",
        "nil_crypto3": [
          "nil_crypto3"
        ],
        "nil_zkllvm_blueprint": [
          "nil_zkllvm_blueprint"
        ],
        "nixpkgs": [
          "nixpkgs"
        ]
      },
      "locked": {
        "lastModified": 1716197021,
        "narHash": "sha256-LVp+SvCqwcJXPKbmqRUG+w8okqjd1FiRCoSOwiOWmT8=",
        "owner": "NilFoundation",
        "repo": "evm-assigner",
        "rev": "8ae858314b7f595824655a7342eac260d54e0b16",
        "type": "github"
      },
      "original": {
        "owner": "NilFoundation",
        "repo": "evm-assigner",
        "type": "github"
      }
    },
    "nil_zkllvm_blueprint": {
      "inputs": {
        "nil_crypto3": [
          "nil_crypto3"
        ],
        "nixpkgs": [
          "nixpkgs"
        ]
      },
      "locked": {
        "lastModified": 1716471481,
        "narHash": "sha256-08+2vMX/+uD/Sk4mMo5/86P6GSAeNqxvitWcXxwXP8s=",
        "ref": "refs/heads/master",
        "rev": "54a897574f3e2da1d049c83e52fa97d8ae935595",
        "revCount": 1211,
        "submodules": true,
        "type": "git",
        "url": "https://github.com/NilFoundation/zkllvm-blueprint"
      },
      "original": {
        "submodules": true,
        "type": "git",
        "url": "https://github.com/NilFoundation/zkllvm-blueprint"
      }
    },
    "nix-3rdparty": {
      "inputs": {
        "flake-utils": "flake-utils",
        "nixpkgs": [
          "nixpkgs"
        ]
      },
      "locked": {
        "lastModified": 1716832962,
        "narHash": "sha256-wClWcGYjYJViVHSHXsYLwJLI2aOC0gC0o0n8BUwFII4=",
        "owner": "NilFoundation",
        "repo": "nix-3rdparty",
        "rev": "748620c268851eec570318af031b0efe6b479cba",
        "type": "github"
      },
      "original": {
        "owner": "NilFoundation",
        "repo": "nix-3rdparty",
        "type": "github"
      }
    },
    "nixpkgs": {
      "locked": {
        "lastModified": 1717006467,
        "narHash": "sha256-D9/MSm9PQUSE2ImhCOsOhQETm0dKN6vJTtFG5wxXgLs=",
        "owner": "NixOS",
        "repo": "nixpkgs",
        "rev": "c65e899065dcfce40e9834071045925e1962b4ce",
        "type": "github"
      },
      "original": {
        "owner": "NixOS",
        "repo": "nixpkgs",
        "type": "github"
      }
    },
    "root": {
      "inputs": {
        "nil_crypto3": "nil_crypto3",
        "nil_evm_assigner": "nil_evm_assigner",
        "nil_zkllvm_blueprint": "nil_zkllvm_blueprint",
        "nix-3rdparty": "nix-3rdparty",
        "nixpkgs": "nixpkgs"
      }
    },
    "systems": {
      "locked": {
        "lastModified": 1681028828,
        "narHash": "sha256-Vy1rq5AaRuLzOxct8nz4T6wlgyUR7zLU309k9mBC768=",
        "owner": "nix-systems",
        "repo": "default",
        "rev": "da67096a3b9bf56a91d16901293e51ba5b49a27e",
        "type": "github"
      },
      "original": {
        "owner": "nix-systems",
        "repo": "default",
        "type": "github"
      }
    }
  },
  "root": "root",
  "version": 7
}
