{
  "nodes": {
    "flake-utils": {
      "inputs": {
        "systems": "systems"
      },
      "locked": {
        "lastModified": 1710146030,
        "narHash": "sha256-SZ5L6eA7HJ/nmkzGG7/ISclqe6oZdOZTNoesiInkXPQ=",
        "owner": "numtide",
        "repo": "flake-utils",
        "rev": "b1d9ab70662946ef0850d488da1c9019f3a9752a",
        "type": "github"
      },
      "original": {
        "owner": "numtide",
        "repo": "flake-utils",
        "type": "github"
      }
    },
    "nil-crypto3": {
      "inputs": {
        "flake-utils": [
          "flake-utils"
        ],
        "nix-3rdparty": [
          "nix-3rdparty"
        ],
        "nixpkgs": [
          "nixpkgs"
        ]
      },
      "locked": {
        "lastModified": 1724667448,
        "narHash": "sha256-OkrktQ6SwdRX7iz2dNzMxj4IsvDH8be0O2lW/4zuhNs=",
        "owner": "NilFoundation",
        "repo": "crypto3",
        "rev": "7a23eb3010ec1045ee9fd8c812b454afe5b8ecc5",
        "type": "github"
      },
      "original": {
        "owner": "NilFoundation",
        "repo": "crypto3",
        "type": "github"
      }
    },
    "nil-evm-assigner": {
      "inputs": {
        "flake-utils": [
          "flake-utils"
        ],
        "nil-crypto3": [
          "nil-crypto3"
        ],
        "nix-3rdparty": [
          "nix-3rdparty"
        ],
        "nixpkgs": [
          "nixpkgs"
        ]
      },
      "locked": {
        "lastModified": 1724191572,
        "narHash": "sha256-zK8UL7kG3Rh2LcHpadZLBpmmbM7qPjTk/5vjMPOO9B0=",
        "owner": "NilFoundation",
        "repo": "evm-assigner",
        "rev": "de25423a64fad024501ebc22fbef10f46332bac4",
        "type": "github"
      },
      "original": {
        "owner": "NilFoundation",
        "repo": "evm-assigner",
        "type": "github"
      }
    },
    "nix-3rdparty": {
      "inputs": {
        "flake-utils": [
          "flake-utils"
        ],
        "nixpkgs": [
          "nixpkgs"
        ]
      },
      "locked": {
        "lastModified": 1721822436,
        "narHash": "sha256-AQidmv80fA72FFHgyjCq9Psc04w9aaHedJpoVgnLb6M=",
        "owner": "NilFoundation",
        "repo": "nix-3rdparty",
        "rev": "d14a2a3c4b9498b297400b225fc09570bfe0a9a1",
        "type": "github"
      },
      "original": {
        "owner": "NilFoundation",
        "repo": "nix-3rdparty",
        "type": "github"
      }
    },
    "nixpkgs": {
      "locked": {
        "lastModified": 1724245131,
        "narHash": "sha256-56iUNXjp8eSTHxr2o1lTo2yqDlninZTUH0EOUw63GEw=",
        "owner": "NixOS",
        "repo": "nixpkgs",
        "rev": "46ac3ad602f820b83285def5831535ed3be7813e",
        "type": "github"
      },
      "original": {
        "owner": "NixOS",
        "repo": "nixpkgs",
        "type": "github"
      }
    },
    "root": {
      "inputs": {
        "flake-utils": "flake-utils",
        "nil-crypto3": "nil-crypto3",
        "nil-evm-assigner": "nil-evm-assigner",
        "nix-3rdparty": "nix-3rdparty",
        "nixpkgs": "nixpkgs"
      }
    },
    "systems": {
      "locked": {
        "lastModified": 1681028828,
        "narHash": "sha256-Vy1rq5AaRuLzOxct8nz4T6wlgyUR7zLU309k9mBC768=",
        "owner": "nix-systems",
        "repo": "default",
        "rev": "da67096a3b9bf56a91d16901293e51ba5b49a27e",
        "type": "github"
      },
      "original": {
        "owner": "nix-systems",
        "repo": "default",
        "type": "github"
      }
    }
  },
  "root": "root",
  "version": 7
}
